
Microsoft Visual Studio Solution File, Format Version 12.00
# Visual Studio 15
VisualStudioVersion = 15.0.27004.2010
MinimumVisualStudioVersion = 10.0.40219.1
Project("{FAE04EC0-301F-11D3-BF4B-00C04F79EFBC}") = "LabsLibrary", "LabsLibrary\LabsLibrary.csproj", "{3A6415F7-5668-4DCD-8C21-B1AA89980D85}"
EndProject
Global
	GlobalSection(SolutionConfigurationPlatforms) = preSolution
		Debug|Any CPU = Debug|Any CPU
		Release|Any CPU = Release|Any CPU
	EndGlobalSection
	GlobalSection(ProjectConfigurationPlatforms) = postSolution
		{3A6415F7-5668-4DCD-8C21-B1AA89980D85}.Debug|Any CPU.ActiveCfg = Debug|Any CPU
		{3A6415F7-5668-4DCD-8C21-B1AA89980D85}.Debug|Any CPU.Build.0 = Debug|Any CPU
		{3A6415F7-5668-4DCD-8C21-B1AA89980D85}.Release|Any CPU.ActiveCfg = Release|Any CPU
		{3A6415F7-5668-4DCD-8C21-B1AA89980D85}.Release|Any CPU.Build.0 = Release|Any CPU
	EndGlobalSection
	GlobalSection(SolutionProperties) = preSolution
		HideSolutionNode = FALSE
	EndGlobalSection
	GlobalSection(ExtensibilityGlobals) = postSolution
		SolutionGuid = {C1AC056A-2572-4684-94CC-566201806C9B}
	EndGlobalSection
EndGlobal
